
Microsoft Visual Studio Solution File, Format Version 12.00
# Visual Studio Version 17
VisualStudioVersion = 17.9.34728.123
MinimumVisualStudioVersion = 10.0.40219.1
Project("{2150E333-8FDC-42A3-9474-1A3956D46DE8}") = "Services", "Services", "{E24EB775-0C48-4552-99E7-6200741AB1B9}"
EndProject
Project("{2150E333-8FDC-42A3-9474-1A3956D46DE8}") = "Catalog", "Catalog", "{B35B904F-77F2-4AFE-B17C-F2ACB07FEB31}"
EndProject
Project("{9A19103F-16F7-4668-BE54-9A1E7A4F7556}") = "Catalog.API", "Services\Catalog\Catalog.API\Catalog.API.csproj", "{6AEDDE18-A5F7-4ECC-A6AA-7B6E77FC8922}"
EndProject
Project("{2150E333-8FDC-42A3-9474-1A3956D46DE8}") = "BuildingBlocks", "BuildingBlocks", "{984E7A57-3FC5-4D2C-8136-1D48481F0848}"
EndProject
Project("{9A19103F-16F7-4668-BE54-9A1E7A4F7556}") = "BuildingBlocks", "BuildingBlocks\BuildingBlocks\BuildingBlocks.csproj", "{F5AF7CAF-AC99-465B-9C07-7738D8A2ACDE}"
EndProject
Project("{E53339B2-1760-4266-BCC7-CA923CBCF16C}") = "docker-compose", "docker-compose.dcproj", "{57E02293-945D-48F5-8D22-FCBA8F7B4070}"
EndProject
Project("{2150E333-8FDC-42A3-9474-1A3956D46DE8}") = "Basket", "Basket", "{E582F899-BBC4-4873-9454-65970BC21C50}"
EndProject
Project("{9A19103F-16F7-4668-BE54-9A1E7A4F7556}") = "Basket.API", "Services\Basket\Basket.API\Basket.API.csproj", "{F3B0D07D-4AFB-4EFD-A14B-A4C0794EEBFE}"
EndProject
Project("{2150E333-8FDC-42A3-9474-1A3956D46DE8}") = "Discount", "Discount", "{54070B51-160F-4ADA-AF18-2F0319BB8891}"
EndProject
Project("{9A19103F-16F7-4668-BE54-9A1E7A4F7556}") = "Discount.Grpc", "Services\Discount\Discount.Grpc\Discount.Grpc.csproj", "{5015125B-E40E-4122-9CC2-057C18078D07}"
EndProject
Project("{2150E333-8FDC-42A3-9474-1A3956D46DE8}") = "Ordering", "Ordering", "{866547D9-C35D-42E0-9C90-CF3941114397}"
EndProject
Project("{9A19103F-16F7-4668-BE54-9A1E7A4F7556}") = "Ordering.API", "Services\Ordering\Ordering.API\Ordering.API.csproj", "{FB482E6E-0A30-4DE9-B864-987BBD54248E}"
EndProject
Project("{9A19103F-16F7-4668-BE54-9A1E7A4F7556}") = "Ordering.Domain", "Services\Ordering\Ordering.Domain\Ordering.Domain.csproj", "{D2B9143D-257E-41D2-A607-0ED683EC8560}"
EndProject
Project("{9A19103F-16F7-4668-BE54-9A1E7A4F7556}") = "Ordering.Application", "Services\Ordering\Ordering.Application\Ordering.Application.csproj", "{75C44A69-E8E7-437A-90B0-62095DAD1C28}"
EndProject
Project("{9A19103F-16F7-4668-BE54-9A1E7A4F7556}") = "Ordering.Infrastructure", "Services\Ordering\Ordering.Infrastructure\Ordering.Infrastructure.csproj", "{52B65578-EB5A-4F10-A353-7DF550F70DF3}"
EndProject
Project("{9A19103F-16F7-4668-BE54-9A1E7A4F7556}") = "BuildingBlocks.Messaging", "BuildingBlocks\BuildingBlocks.Messaging\BuildingBlocks.Messaging.csproj", "{8295961E-4901-486C-ABF7-B142C54DDB13}"
EndProject
Project("{2150E333-8FDC-42A3-9474-1A3956D46DE8}") = "ApiGateways", "ApiGateways", "{F7DEED4D-A808-4772-8F53-78AD74379CFA}"
EndProject
Project("{9A19103F-16F7-4668-BE54-9A1E7A4F7556}") = "YarpApiGateway", "ApiGateways\YarpApiGateway\YarpApiGateway.csproj", "{64E8B5E6-B6CD-4F07-8B35-B83E0179B25A}"
EndProject
Project("{2150E333-8FDC-42A3-9474-1A3956D46DE8}") = "WebApps", "WebApps", "{436CAE7F-98BD-4774-BF67-AF87B2DB37E3}"
EndProject
Project("{FAE04EC0-301F-11D3-BF4B-00C04F79EFBC}") = "Shopping.Web", "WebApps\Shopping.Web\Shopping.Web.csproj", "{19BBD666-D193-48E8-B07D-E951EA09E85E}"
EndProject
Global
	GlobalSection(SolutionConfigurationPlatforms) = preSolution
		Debug|Any CPU = Debug|Any CPU
		Release|Any CPU = Release|Any CPU
	EndGlobalSection
	GlobalSection(ProjectConfigurationPlatforms) = postSolution
		{6AEDDE18-A5F7-4ECC-A6AA-7B6E77FC8922}.Debug|Any CPU.ActiveCfg = Debug|Any CPU
		{6AEDDE18-A5F7-4ECC-A6AA-7B6E77FC8922}.Debug|Any CPU.Build.0 = Debug|Any CPU
		{6AEDDE18-A5F7-4ECC-A6AA-7B6E77FC8922}.Release|Any CPU.ActiveCfg = Release|Any CPU
		{6AEDDE18-A5F7-4ECC-A6AA-7B6E77FC8922}.Release|Any CPU.Build.0 = Release|Any CPU
		{F5AF7CAF-AC99-465B-9C07-7738D8A2ACDE}.Debug|Any CPU.ActiveCfg = Debug|Any CPU
		{F5AF7CAF-AC99-465B-9C07-7738D8A2ACDE}.Debug|Any CPU.Build.0 = Debug|Any CPU
		{F5AF7CAF-AC99-465B-9C07-7738D8A2ACDE}.Release|Any CPU.ActiveCfg = Release|Any CPU
		{F5AF7CAF-AC99-465B-9C07-7738D8A2ACDE}.Release|Any CPU.Build.0 = Release|Any CPU
		{57E02293-945D-48F5-8D22-FCBA8F7B4070}.Debug|Any CPU.ActiveCfg = Debug|Any CPU
		{57E02293-945D-48F5-8D22-FCBA8F7B4070}.Debug|Any CPU.Build.0 = Debug|Any CPU
		{57E02293-945D-48F5-8D22-FCBA8F7B4070}.Release|Any CPU.ActiveCfg = Release|Any CPU
		{57E02293-945D-48F5-8D22-FCBA8F7B4070}.Release|Any CPU.Build.0 = Release|Any CPU
		{F3B0D07D-4AFB-4EFD-A14B-A4C0794EEBFE}.Debug|Any CPU.ActiveCfg = Debug|Any CPU
		{F3B0D07D-4AFB-4EFD-A14B-A4C0794EEBFE}.Debug|Any CPU.Build.0 = Debug|Any CPU
		{F3B0D07D-4AFB-4EFD-A14B-A4C0794EEBFE}.Release|Any CPU.ActiveCfg = Release|Any CPU
		{F3B0D07D-4AFB-4EFD-A14B-A4C0794EEBFE}.Release|Any CPU.Build.0 = Release|Any CPU
		{5015125B-E40E-4122-9CC2-057C18078D07}.Debug|Any CPU.ActiveCfg = Debug|Any CPU
		{5015125B-E40E-4122-9CC2-057C18078D07}.Debug|Any CPU.Build.0 = Debug|Any CPU
		{5015125B-E40E-4122-9CC2-057C18078D07}.Release|Any CPU.ActiveCfg = Release|Any CPU
		{5015125B-E40E-4122-9CC2-057C18078D07}.Release|Any CPU.Build.0 = Release|Any CPU
		{FB482E6E-0A30-4DE9-B864-987BBD54248E}.Debug|Any CPU.ActiveCfg = Debug|Any CPU
		{FB482E6E-0A30-4DE9-B864-987BBD54248E}.Debug|Any CPU.Build.0 = Debug|Any CPU
		{FB482E6E-0A30-4DE9-B864-987BBD54248E}.Release|Any CPU.ActiveCfg = Release|Any CPU
		{FB482E6E-0A30-4DE9-B864-987BBD54248E}.Release|Any CPU.Build.0 = Release|Any CPU
		{D2B9143D-257E-41D2-A607-0ED683EC8560}.Debug|Any CPU.ActiveCfg = Debug|Any CPU
		{D2B9143D-257E-41D2-A607-0ED683EC8560}.Debug|Any CPU.Build.0 = Debug|Any CPU
		{D2B9143D-257E-41D2-A607-0ED683EC8560}.Release|Any CPU.ActiveCfg = Release|Any CPU
		{D2B9143D-257E-41D2-A607-0ED683EC8560}.Release|Any CPU.Build.0 = Release|Any CPU
		{75C44A69-E8E7-437A-90B0-62095DAD1C28}.Debug|Any CPU.ActiveCfg = Debug|Any CPU
		{75C44A69-E8E7-437A-90B0-62095DAD1C28}.Debug|Any CPU.Build.0 = Debug|Any CPU
		{75C44A69-E8E7-437A-90B0-62095DAD1C28}.Release|Any CPU.ActiveCfg = Release|Any CPU
		{75C44A69-E8E7-437A-90B0-62095DAD1C28}.Release|Any CPU.Build.0 = Release|Any CPU
		{52B65578-EB5A-4F10-A353-7DF550F70DF3}.Debug|Any CPU.ActiveCfg = Debug|Any CPU
		{52B65578-EB5A-4F10-A353-7DF550F70DF3}.Debug|Any CPU.Build.0 = Debug|Any CPU
		{52B65578-EB5A-4F10-A353-7DF550F70DF3}.Release|Any CPU.ActiveCfg = Release|Any CPU
		{52B65578-EB5A-4F10-A353-7DF550F70DF3}.Release|Any CPU.Build.0 = Release|Any CPU
		{8295961E-4901-486C-ABF7-B142C54DDB13}.Debug|Any CPU.ActiveCfg = Debug|Any CPU
		{8295961E-4901-486C-ABF7-B142C54DDB13}.Debug|Any CPU.Build.0 = Debug|Any CPU
		{8295961E-4901-486C-ABF7-B142C54DDB13}.Release|Any CPU.ActiveCfg = Release|Any CPU
		{8295961E-4901-486C-ABF7-B142C54DDB13}.Release|Any CPU.Build.0 = Release|Any CPU
		{64E8B5E6-B6CD-4F07-8B35-B83E0179B25A}.Debug|Any CPU.ActiveCfg = Debug|Any CPU
		{64E8B5E6-B6CD-4F07-8B35-B83E0179B25A}.Debug|Any CPU.Build.0 = Debug|Any CPU
		{64E8B5E6-B6CD-4F07-8B35-B83E0179B25A}.Release|Any CPU.ActiveCfg = Release|Any CPU
		{64E8B5E6-B6CD-4F07-8B35-B83E0179B25A}.Release|Any CPU.Build.0 = Release|Any CPU
		{19BBD666-D193-48E8-B07D-E951EA09E85E}.Debug|Any CPU.ActiveCfg = Debug|Any CPU
		{19BBD666-D193-48E8-B07D-E951EA09E85E}.Debug|Any CPU.Build.0 = Debug|Any CPU
		{19BBD666-D193-48E8-B07D-E951EA09E85E}.Release|Any CPU.ActiveCfg = Release|Any CPU
		{19BBD666-D193-48E8-B07D-E951EA09E85E}.Release|Any CPU.Build.0 = Release|Any CPU
	EndGlobalSection
	GlobalSection(SolutionProperties) = preSolution
		HideSolutionNode = FALSE
	EndGlobalSection
	GlobalSection(NestedProjects) = preSolution
		{B35B904F-77F2-4AFE-B17C-F2ACB07FEB31} = {E24EB775-0C48-4552-99E7-6200741AB1B9}
		{6AEDDE18-A5F7-4ECC-A6AA-7B6E77FC8922} = {B35B904F-77F2-4AFE-B17C-F2ACB07FEB31}
		{F5AF7CAF-AC99-465B-9C07-7738D8A2ACDE} = {984E7A57-3FC5-4D2C-8136-1D48481F0848}
		{E582F899-BBC4-4873-9454-65970BC21C50} = {E24EB775-0C48-4552-99E7-6200741AB1B9}
		{F3B0D07D-4AFB-4EFD-A14B-A4C0794EEBFE} = {E582F899-BBC4-4873-9454-65970BC21C50}
		{54070B51-160F-4ADA-AF18-2F0319BB8891} = {E24EB775-0C48-4552-99E7-6200741AB1B9}
		{5015125B-E40E-4122-9CC2-057C18078D07} = {54070B51-160F-4ADA-AF18-2F0319BB8891}
		{866547D9-C35D-42E0-9C90-CF3941114397} = {E24EB775-0C48-4552-99E7-6200741AB1B9}
		{FB482E6E-0A30-4DE9-B864-987BBD54248E} = {866547D9-C35D-42E0-9C90-CF3941114397}
		{D2B9143D-257E-41D2-A607-0ED683EC8560} = {866547D9-C35D-42E0-9C90-CF3941114397}
		{75C44A69-E8E7-437A-90B0-62095DAD1C28} = {866547D9-C35D-42E0-9C90-CF3941114397}
		{52B65578-EB5A-4F10-A353-7DF550F70DF3} = {866547D9-C35D-42E0-9C90-CF3941114397}
		{8295961E-4901-486C-ABF7-B142C54DDB13} = {984E7A57-3FC5-4D2C-8136-1D48481F0848}
		{64E8B5E6-B6CD-4F07-8B35-B83E0179B25A} = {F7DEED4D-A808-4772-8F53-78AD74379CFA}
		{19BBD666-D193-48E8-B07D-E951EA09E85E} = {436CAE7F-98BD-4774-BF67-AF87B2DB37E3}
	EndGlobalSection
	GlobalSection(ExtensibilityGlobals) = postSolution
		SolutionGuid = {86098EFB-AF06-4159-B457-49770970F9C4}
	EndGlobalSection
EndGlobal
