
Microsoft Visual Studio Solution File, Format Version 12.00
# Visual Studio Version 17
VisualStudioVersion = 17.9.34728.123
MinimumVisualStudioVersion = 10.0.40219.1
Project("{2150E333-8FDC-42A3-9474-1A3956D46DE8}") = "Services", "Services", "{E24EB775-0C48-4552-99E7-6200741AB1B9}"
EndProject
Project("{2150E333-8FDC-42A3-9474-1A3956D46DE8}") = "Catalog", "Catalog", "{B35B904F-77F2-4AFE-B17C-F2ACB07FEB31}"
EndProject
Project("{FAE04EC0-301F-11D3-BF4B-00C04F79EFBC}") = "Catalog.API", "Services\Catalog\Catalog.API\Catalog.API.csproj", "{6AEDDE18-A5F7-4ECC-A6AA-7B6E77FC8922}"
EndProject
Project("{2150E333-8FDC-42A3-9474-1A3956D46DE8}") = "BuildingBlocks", "BuildingBlocks", "{984E7A57-3FC5-4D2C-8136-1D48481F0848}"
EndProject
Project("{FAE04EC0-301F-11D3-BF4B-00C04F79EFBC}") = "BuildingBlocks", "BuildingBlocks\BuildingBlocks\BuildingBlocks.csproj", "{F5AF7CAF-AC99-465B-9C07-7738D8A2ACDE}"
EndProject
Global
	GlobalSection(SolutionConfigurationPlatforms) = preSolution
		Debug|Any CPU = Debug|Any CPU
		Release|Any CPU = Release|Any CPU
	EndGlobalSection
	GlobalSection(ProjectConfigurationPlatforms) = postSolution
		{6AEDDE18-A5F7-4ECC-A6AA-7B6E77FC8922}.Debug|Any CPU.ActiveCfg = Debug|Any CPU
		{6AEDDE18-A5F7-4ECC-A6AA-7B6E77FC8922}.Debug|Any CPU.Build.0 = Debug|Any CPU
		{6AEDDE18-A5F7-4ECC-A6AA-7B6E77FC8922}.Release|Any CPU.ActiveCfg = Release|Any CPU
		{6AEDDE18-A5F7-4ECC-A6AA-7B6E77FC8922}.Release|Any CPU.Build.0 = Release|Any CPU
		{F5AF7CAF-AC99-465B-9C07-7738D8A2ACDE}.Debug|Any CPU.ActiveCfg = Debug|Any CPU
		{F5AF7CAF-AC99-465B-9C07-7738D8A2ACDE}.Debug|Any CPU.Build.0 = Debug|Any CPU
		{F5AF7CAF-AC99-465B-9C07-7738D8A2ACDE}.Release|Any CPU.ActiveCfg = Release|Any CPU
		{F5AF7CAF-AC99-465B-9C07-7738D8A2ACDE}.Release|Any CPU.Build.0 = Release|Any CPU
	EndGlobalSection
	GlobalSection(SolutionProperties) = preSolution
		HideSolutionNode = FALSE
	EndGlobalSection
	GlobalSection(NestedProjects) = preSolution
		{B35B904F-77F2-4AFE-B17C-F2ACB07FEB31} = {E24EB775-0C48-4552-99E7-6200741AB1B9}
		{6AEDDE18-A5F7-4ECC-A6AA-7B6E77FC8922} = {B35B904F-77F2-4AFE-B17C-F2ACB07FEB31}
		{F5AF7CAF-AC99-465B-9C07-7738D8A2ACDE} = {984E7A57-3FC5-4D2C-8136-1D48481F0848}
	EndGlobalSection
	GlobalSection(ExtensibilityGlobals) = postSolution
		SolutionGuid = {86098EFB-AF06-4159-B457-49770970F9C4}
	EndGlobalSection
EndGlobal
